
Microsoft Visual Studio Solution File, Format Version 10.00
# Visual Studio 2008
Project("{FAE04EC0-301F-11D3-BF4B-00C04F79EFBC}") = "Envision.NET", "Envision.NET\Envision.NET.csproj", "{CB95E359-1EC6-4BDF-858F-E8CF12C1144B}"
EndProject
Project("{2150E333-8FDC-42A3-9474-1A3956D46DE8}") = "Class Libraries", "Class Libraries", "{4F4D2876-EE26-4B3A-8774-75130C6EE30C}"
EndProject
Project("{2150E333-8FDC-42A3-9474-1A3956D46DE8}") = "Envision App", "Envision App", "{2FCAB032-EF03-422C-BD80-59E674B835D2}"
EndProject
Project("{FAE04EC0-301F-11D3-BF4B-00C04F79EFBC}") = "RIS.BusinessLogic", "RIS.BusinessLogic\RIS.BusinessLogic.csproj", "{340EC273-C132-4070-950B-9A579181947C}"
EndProject
Project("{FAE04EC0-301F-11D3-BF4B-00C04F79EFBC}") = "RIS.Common", "RIS.Common\RIS.Common.csproj", "{4125D990-7016-45FD-836C-62433901A7CA}"
EndProject
Project("{FAE04EC0-301F-11D3-BF4B-00C04F79EFBC}") = "RIS.DataAccess", "RIS.DataAccess\RIS.DataAccess.csproj", "{B9A1C35E-278F-4984-9740-56A37A7EA5F7}"
EndProject
Project("{FAE04EC0-301F-11D3-BF4B-00C04F79EFBC}") = "RIS.Operational", "RIS.Operational\RIS.Operational.csproj", "{7A01D565-7FA9-488B-9143-36EE13FFA1E2}"
EndProject
Project("{FAE04EC0-301F-11D3-BF4B-00C04F79EFBC}") = "RIS.WebService", "RIS.WebService\RIS.WebService.csproj", "{394BAB77-463F-4C0B-A52B-3652B96B920F}"
EndProject
Project("{FAE04EC0-301F-11D3-BF4B-00C04F79EFBC}") = "RIS.Plugin", "RIS.Plugin\RIS.Plugin.csproj", "{01EE75C9-ED3E-4345-903E-BAAF4B146411}"
EndProject
Project("{2150E333-8FDC-42A3-9474-1A3956D46DE8}") = "Miracle", "Miracle", "{C105B147-67EE-4EE1-B1AC-C98D8A2E9BC0}"
EndProject
Project("{FAE04EC0-301F-11D3-BF4B-00C04F79EFBC}") = "Miracle", "Miracle\Miracle.csproj", "{35611988-B35A-4B05-8FFB-C64A0FB2B66F}"
EndProject
Global
	GlobalSection(SolutionConfigurationPlatforms) = preSolution
		Debug|Any CPU = Debug|Any CPU
		Release|Any CPU = Release|Any CPU
	EndGlobalSection
	GlobalSection(ProjectConfigurationPlatforms) = postSolution
		{CB95E359-1EC6-4BDF-858F-E8CF12C1144B}.Debug|Any CPU.ActiveCfg = Debug|Any CPU
		{CB95E359-1EC6-4BDF-858F-E8CF12C1144B}.Debug|Any CPU.Build.0 = Debug|Any CPU
		{CB95E359-1EC6-4BDF-858F-E8CF12C1144B}.Release|Any CPU.ActiveCfg = Release|Any CPU
		{CB95E359-1EC6-4BDF-858F-E8CF12C1144B}.Release|Any CPU.Build.0 = Release|Any CPU
		{340EC273-C132-4070-950B-9A579181947C}.Debug|Any CPU.ActiveCfg = Debug|Any CPU
		{340EC273-C132-4070-950B-9A579181947C}.Debug|Any CPU.Build.0 = Debug|Any CPU
		{340EC273-C132-4070-950B-9A579181947C}.Release|Any CPU.ActiveCfg = Release|Any CPU
		{340EC273-C132-4070-950B-9A579181947C}.Release|Any CPU.Build.0 = Release|Any CPU
		{4125D990-7016-45FD-836C-62433901A7CA}.Debug|Any CPU.ActiveCfg = Debug|Any CPU
		{4125D990-7016-45FD-836C-62433901A7CA}.Debug|Any CPU.Build.0 = Debug|Any CPU
		{4125D990-7016-45FD-836C-62433901A7CA}.Release|Any CPU.ActiveCfg = Release|Any CPU
		{4125D990-7016-45FD-836C-62433901A7CA}.Release|Any CPU.Build.0 = Release|Any CPU
		{B9A1C35E-278F-4984-9740-56A37A7EA5F7}.Debug|Any CPU.ActiveCfg = Debug|Any CPU
		{B9A1C35E-278F-4984-9740-56A37A7EA5F7}.Debug|Any CPU.Build.0 = Debug|Any CPU
		{B9A1C35E-278F-4984-9740-56A37A7EA5F7}.Release|Any CPU.ActiveCfg = Release|Any CPU
		{B9A1C35E-278F-4984-9740-56A37A7EA5F7}.Release|Any CPU.Build.0 = Release|Any CPU
		{7A01D565-7FA9-488B-9143-36EE13FFA1E2}.Debug|Any CPU.ActiveCfg = Debug|Any CPU
		{7A01D565-7FA9-488B-9143-36EE13FFA1E2}.Debug|Any CPU.Build.0 = Debug|Any CPU
		{7A01D565-7FA9-488B-9143-36EE13FFA1E2}.Release|Any CPU.ActiveCfg = Release|Any CPU
		{7A01D565-7FA9-488B-9143-36EE13FFA1E2}.Release|Any CPU.Build.0 = Release|Any CPU
		{394BAB77-463F-4C0B-A52B-3652B96B920F}.Debug|Any CPU.ActiveCfg = Debug|Any CPU
		{394BAB77-463F-4C0B-A52B-3652B96B920F}.Debug|Any CPU.Build.0 = Debug|Any CPU
		{394BAB77-463F-4C0B-A52B-3652B96B920F}.Release|Any CPU.ActiveCfg = Release|Any CPU
		{394BAB77-463F-4C0B-A52B-3652B96B920F}.Release|Any CPU.Build.0 = Release|Any CPU
		{01EE75C9-ED3E-4345-903E-BAAF4B146411}.Debug|Any CPU.ActiveCfg = Debug|Any CPU
		{01EE75C9-ED3E-4345-903E-BAAF4B146411}.Debug|Any CPU.Build.0 = Debug|Any CPU
		{01EE75C9-ED3E-4345-903E-BAAF4B146411}.Release|Any CPU.ActiveCfg = Release|Any CPU
		{01EE75C9-ED3E-4345-903E-BAAF4B146411}.Release|Any CPU.Build.0 = Release|Any CPU
		{35611988-B35A-4B05-8FFB-C64A0FB2B66F}.Debug|Any CPU.ActiveCfg = Debug|Any CPU
		{35611988-B35A-4B05-8FFB-C64A0FB2B66F}.Debug|Any CPU.Build.0 = Debug|Any CPU
		{35611988-B35A-4B05-8FFB-C64A0FB2B66F}.Release|Any CPU.ActiveCfg = Release|Any CPU
		{35611988-B35A-4B05-8FFB-C64A0FB2B66F}.Release|Any CPU.Build.0 = Release|Any CPU
	EndGlobalSection
	GlobalSection(SolutionProperties) = preSolution
		HideSolutionNode = FALSE
	EndGlobalSection
	GlobalSection(NestedProjects) = preSolution
		{CB95E359-1EC6-4BDF-858F-E8CF12C1144B} = {2FCAB032-EF03-422C-BD80-59E674B835D2}
		{340EC273-C132-4070-950B-9A579181947C} = {4F4D2876-EE26-4B3A-8774-75130C6EE30C}
		{4125D990-7016-45FD-836C-62433901A7CA} = {4F4D2876-EE26-4B3A-8774-75130C6EE30C}
		{B9A1C35E-278F-4984-9740-56A37A7EA5F7} = {4F4D2876-EE26-4B3A-8774-75130C6EE30C}
		{7A01D565-7FA9-488B-9143-36EE13FFA1E2} = {4F4D2876-EE26-4B3A-8774-75130C6EE30C}
		{394BAB77-463F-4C0B-A52B-3652B96B920F} = {4F4D2876-EE26-4B3A-8774-75130C6EE30C}
		{01EE75C9-ED3E-4345-903E-BAAF4B146411} = {4F4D2876-EE26-4B3A-8774-75130C6EE30C}
		{35611988-B35A-4B05-8FFB-C64A0FB2B66F} = {C105B147-67EE-4EE1-B1AC-C98D8A2E9BC0}
	EndGlobalSection
EndGlobal
